
Microsoft Visual Studio Solution File, Format Version 12.00
# Visual Studio Version 17
VisualStudioVersion = 17.7.34024.191
MinimumVisualStudioVersion = 10.0.40219.1
Project("{9A19103F-16F7-4668-BE54-9A1E7A4F7556}") = "MAUI-Vue-Hybriddev-Integrated", "MAUI-Vue-Hybriddev-Integrated\MAUI-Vue-Hybriddev-Integrated.csproj", "{799115DD-134A-4EE6-B883-ECAB7AC42D36}"
EndProject
Global
	GlobalSection(SolutionConfigurationPlatforms) = preSolution
		Debug|Any CPU = Debug|Any CPU
		Release|Any CPU = Release|Any CPU
	EndGlobalSection
	GlobalSection(ProjectConfigurationPlatforms) = postSolution
		{799115DD-134A-4EE6-B883-ECAB7AC42D36}.Debug|Any CPU.ActiveCfg = Debug|Any CPU
		{799115DD-134A-4EE6-B883-ECAB7AC42D36}.Debug|Any CPU.Build.0 = Debug|Any CPU
		{799115DD-134A-4EE6-B883-ECAB7AC42D36}.Debug|Any CPU.Deploy.0 = Debug|Any CPU
		{799115DD-134A-4EE6-B883-ECAB7AC42D36}.Release|Any CPU.ActiveCfg = Release|Any CPU
		{799115DD-134A-4EE6-B883-ECAB7AC42D36}.Release|Any CPU.Build.0 = Release|Any CPU
		{799115DD-134A-4EE6-B883-ECAB7AC42D36}.Release|Any CPU.Deploy.0 = Release|Any CPU
	EndGlobalSection
	GlobalSection(SolutionProperties) = preSolution
		HideSolutionNode = FALSE
	EndGlobalSection
	GlobalSection(ExtensibilityGlobals) = postSolution
		SolutionGuid = {6F7A515A-994F-49A1-B110-2D99DE830923}
	EndGlobalSection
EndGlobal
